// !$*UTF8*$!
{
	archiveVersion = 1;
	classes = {
	};
	objectVersion = 46;
	objects = {

/* Begin PBXBuildFile section */
		6D02D7471D5730D800CA76B9 /* AppDelegate.swift in Sources */ = {isa = PBXBuildFile; fileRef = 6D02D7461D5730D800CA76B9 /* AppDelegate.swift */; };
		6D02D7491D5730D800CA76B9 /* ViewController.swift in Sources */ = {isa = PBXBuildFile; fileRef = 6D02D7481D5730D800CA76B9 /* ViewController.swift */; };
		6D02D74C1D5730D800CA76B9 /* Main.storyboard in Resources */ = {isa = PBXBuildFile; fileRef = 6D02D74A1D5730D800CA76B9 /* Main.storyboard */; };
		6D02D74E1D5730D800CA76B9 /* Assets.xcassets in Resources */ = {isa = PBXBuildFile; fileRef = 6D02D74D1D5730D800CA76B9 /* Assets.xcassets */; };
		6D02D7511D5730D800CA76B9 /* LaunchScreen.storyboard in Resources */ = {isa = PBXBuildFile; fileRef = 6D02D74F1D5730D800CA76B9 /* LaunchScreen.storyboard */; };
		6D02D7601D5730EE00CA76B9 /* Network.h in Headers */ = {isa = PBXBuildFile; fileRef = 6D02D75F1D5730EE00CA76B9 /* Network.h */; settings = {ATTRIBUTES = (Public, ); }; };
		6D02D7641D5730EE00CA76B9 /* Network.framework in Frameworks */ = {isa = PBXBuildFile; fileRef = 6D02D75D1D5730EE00CA76B9 /* Network.framework */; };
		6D02D7651D5730EE00CA76B9 /* Network.framework in Embed Frameworks */ = {isa = PBXBuildFile; fileRef = 6D02D75D1D5730EE00CA76B9 /* Network.framework */; settings = {ATTRIBUTES = (CodeSignOnCopy, RemoveHeadersOnCopy, ); }; };
		6D02D79A1D57346700CA76B9 /* NetworkLayerConfiguration.swift in Sources */ = {isa = PBXBuildFile; fileRef = 6D02D7981D57346300CA76B9 /* NetworkLayerConfiguration.swift */; };
		D95DEDA71E68312700676626 /* NetworkLayerExampleTests.swift in Sources */ = {isa = PBXBuildFile; fileRef = D95DEDA61E68312700676626 /* NetworkLayerExampleTests.swift */; };
		D95DEDC11E696F0B00676626 /* NetworkLayerConfiguration.swift in Sources */ = {isa = PBXBuildFile; fileRef = 6D02D7981D57346300CA76B9 /* NetworkLayerConfiguration.swift */; };
		D9E66B2F1E82C0930010E9A7 /* BackendAPIRequest.swift in Sources */ = {isa = PBXBuildFile; fileRef = D9E66B2A1E82C0930010E9A7 /* BackendAPIRequest.swift */; };
		D9E66B301E82C0930010E9A7 /* BackendAPIRequest.swift in Sources */ = {isa = PBXBuildFile; fileRef = D9E66B2A1E82C0930010E9A7 /* BackendAPIRequest.swift */; };
		D9E66B311E82C0930010E9A7 /* BackendConfiguration.swift in Sources */ = {isa = PBXBuildFile; fileRef = D9E66B2B1E82C0930010E9A7 /* BackendConfiguration.swift */; };
		D9E66B321E82C0930010E9A7 /* BackendConfiguration.swift in Sources */ = {isa = PBXBuildFile; fileRef = D9E66B2B1E82C0930010E9A7 /* BackendConfiguration.swift */; };
		D9E66B331E82C0930010E9A7 /* BackendService.swift in Sources */ = {isa = PBXBuildFile; fileRef = D9E66B2C1E82C0930010E9A7 /* BackendService.swift */; };
		D9E66B341E82C0930010E9A7 /* BackendService.swift in Sources */ = {isa = PBXBuildFile; fileRef = D9E66B2C1E82C0930010E9A7 /* BackendService.swift */; };
		D9E66B351E82C0930010E9A7 /* MyBackendService.swift in Sources */ = {isa = PBXBuildFile; fileRef = D9E66B2D1E82C0930010E9A7 /* MyBackendService.swift */; };
		D9E66B361E82C0930010E9A7 /* MyBackendService.swift in Sources */ = {isa = PBXBuildFile; fileRef = D9E66B2D1E82C0930010E9A7 /* MyBackendService.swift */; };
		D9E66B371E82C0930010E9A7 /* ServiceOperation.swift in Sources */ = {isa = PBXBuildFile; fileRef = D9E66B2E1E82C0930010E9A7 /* ServiceOperation.swift */; };
		D9E66B381E82C0930010E9A7 /* ServiceOperation.swift in Sources */ = {isa = PBXBuildFile; fileRef = D9E66B2E1E82C0930010E9A7 /* ServiceOperation.swift */; };
		D9E66B3C1E82C0D30010E9A7 /* ArrayResponseMapper.swift in Sources */ = {isa = PBXBuildFile; fileRef = D9E66B391E82C0D30010E9A7 /* ArrayResponseMapper.swift */; };
		D9E66B3D1E82C0D30010E9A7 /* ArrayResponseMapper.swift in Sources */ = {isa = PBXBuildFile; fileRef = D9E66B391E82C0D30010E9A7 /* ArrayResponseMapper.swift */; };
		D9E66B3E1E82C0D30010E9A7 /* ResponseMapper.swift in Sources */ = {isa = PBXBuildFile; fileRef = D9E66B3A1E82C0D30010E9A7 /* ResponseMapper.swift */; };
		D9E66B3F1E82C0D30010E9A7 /* ResponseMapper.swift in Sources */ = {isa = PBXBuildFile; fileRef = D9E66B3A1E82C0D30010E9A7 /* ResponseMapper.swift */; };
		D9E66B401E82C0D30010E9A7 /* ResponseMapperProtocol.swift in Sources */ = {isa = PBXBuildFile; fileRef = D9E66B3B1E82C0D30010E9A7 /* ResponseMapperProtocol.swift */; };
		D9E66B411E82C0D30010E9A7 /* ResponseMapperProtocol.swift in Sources */ = {isa = PBXBuildFile; fileRef = D9E66B3B1E82C0D30010E9A7 /* ResponseMapperProtocol.swift */; };
		D9E66B461E82C0FB0010E9A7 /* NetworkOperation.swift in Sources */ = {isa = PBXBuildFile; fileRef = D9E66B421E82C0FB0010E9A7 /* NetworkOperation.swift */; };
		D9E66B471E82C0FB0010E9A7 /* NetworkOperation.swift in Sources */ = {isa = PBXBuildFile; fileRef = D9E66B421E82C0FB0010E9A7 /* NetworkOperation.swift */; };
		D9E66B481E82C0FB0010E9A7 /* NetworkQueryGeneretor.swift in Sources */ = {isa = PBXBuildFile; fileRef = D9E66B431E82C0FB0010E9A7 /* NetworkQueryGeneretor.swift */; };
		D9E66B491E82C0FB0010E9A7 /* NetworkQueryGeneretor.swift in Sources */ = {isa = PBXBuildFile; fileRef = D9E66B431E82C0FB0010E9A7 /* NetworkQueryGeneretor.swift */; };
		D9E66B4A1E82C0FB0010E9A7 /* NetworkQueue.swift in Sources */ = {isa = PBXBuildFile; fileRef = D9E66B441E82C0FB0010E9A7 /* NetworkQueue.swift */; };
		D9E66B4B1E82C0FB0010E9A7 /* NetworkQueue.swift in Sources */ = {isa = PBXBuildFile; fileRef = D9E66B441E82C0FB0010E9A7 /* NetworkQueue.swift */; };
		D9E66B4C1E82C0FB0010E9A7 /* NetworkService.swift in Sources */ = {isa = PBXBuildFile; fileRef = D9E66B451E82C0FB0010E9A7 /* NetworkService.swift */; };
		D9E66B4D1E82C0FB0010E9A7 /* NetworkService.swift in Sources */ = {isa = PBXBuildFile; fileRef = D9E66B451E82C0FB0010E9A7 /* NetworkService.swift */; };
		D9E66B511E82C1560010E9A7 /* Data+AppendString.swift in Sources */ = {isa = PBXBuildFile; fileRef = D9E66B4E1E82C1560010E9A7 /* Data+AppendString.swift */; };
		D9E66B521E82C1560010E9A7 /* Data+AppendString.swift in Sources */ = {isa = PBXBuildFile; fileRef = D9E66B4E1E82C1560010E9A7 /* Data+AppendString.swift */; };
		D9E66B531E82C1560010E9A7 /* NSError+Failure.swift in Sources */ = {isa = PBXBuildFile; fileRef = D9E66B4F1E82C1560010E9A7 /* NSError+Failure.swift */; };
		D9E66B541E82C1560010E9A7 /* NSError+Failure.swift in Sources */ = {isa = PBXBuildFile; fileRef = D9E66B4F1E82C1560010E9A7 /* NSError+Failure.swift */; };
		D9E66B551E82C1560010E9A7 /* String+Encode.swift in Sources */ = {isa = PBXBuildFile; fileRef = D9E66B501E82C1560010E9A7 /* String+Encode.swift */; };
		D9E66B561E82C1560010E9A7 /* String+Encode.swift in Sources */ = {isa = PBXBuildFile; fileRef = D9E66B501E82C1560010E9A7 /* String+Encode.swift */; };
		D9E66B5B1E82C18C0010E9A7 /* ParsedItem.swift in Sources */ = {isa = PBXBuildFile; fileRef = D9E66B571E82C18C0010E9A7 /* ParsedItem.swift */; };
		D9E66B5C1E82C18C0010E9A7 /* ParsedItem.swift in Sources */ = {isa = PBXBuildFile; fileRef = D9E66B571E82C18C0010E9A7 /* ParsedItem.swift */; };
		D9E66B5D1E82C18C0010E9A7 /* ShoppItem.swift in Sources */ = {isa = PBXBuildFile; fileRef = D9E66B581E82C18C0010E9A7 /* ShoppItem.swift */; };
		D9E66B5E1E82C18C0010E9A7 /* ShoppItem.swift in Sources */ = {isa = PBXBuildFile; fileRef = D9E66B581E82C18C0010E9A7 /* ShoppItem.swift */; };
		D9E66B5F1E82C18C0010E9A7 /* SignInItem.swift in Sources */ = {isa = PBXBuildFile; fileRef = D9E66B591E82C18C0010E9A7 /* SignInItem.swift */; };
		D9E66B601E82C18C0010E9A7 /* SignInItem.swift in Sources */ = {isa = PBXBuildFile; fileRef = D9E66B591E82C18C0010E9A7 /* SignInItem.swift */; };
		D9E66B611E82C18C0010E9A7 /* UserItem.swift in Sources */ = {isa = PBXBuildFile; fileRef = D9E66B5A1E82C18C0010E9A7 /* UserItem.swift */; };
		D9E66B621E82C18C0010E9A7 /* UserItem.swift in Sources */ = {isa = PBXBuildFile; fileRef = D9E66B5A1E82C18C0010E9A7 /* UserItem.swift */; };
		D9E66B661E82C2A30010E9A7 /* SignInResponseMapper.swift in Sources */ = {isa = PBXBuildFile; fileRef = D9E66B631E82C2A30010E9A7 /* SignInResponseMapper.swift */; };
		D9E66B671E82C2A30010E9A7 /* SignInResponseMapper.swift in Sources */ = {isa = PBXBuildFile; fileRef = D9E66B631E82C2A30010E9A7 /* SignInResponseMapper.swift */; };
		D9E66B681E82C2A30010E9A7 /* UserResponseMapper.swift in Sources */ = {isa = PBXBuildFile; fileRef = D9E66B641E82C2A30010E9A7 /* UserResponseMapper.swift */; };
		D9E66B691E82C2A30010E9A7 /* UserResponseMapper.swift in Sources */ = {isa = PBXBuildFile; fileRef = D9E66B641E82C2A30010E9A7 /* UserResponseMapper.swift */; };
		D9E66B6A1E82C2A30010E9A7 /* UserShoppingResponseMapper.swift in Sources */ = {isa = PBXBuildFile; fileRef = D9E66B651E82C2A30010E9A7 /* UserShoppingResponseMapper.swift */; };
		D9E66B6B1E82C2A30010E9A7 /* UserShoppingResponseMapper.swift in Sources */ = {isa = PBXBuildFile; fileRef = D9E66B651E82C2A30010E9A7 /* UserShoppingResponseMapper.swift */; };
		D9E66B6F1E82C5530010E9A7 /* SignInOperation.swift in Sources */ = {isa = PBXBuildFile; fileRef = D9E66B6C1E82C5530010E9A7 /* SignInOperation.swift */; };
		D9E66B701E82C5530010E9A7 /* SignInOperation.swift in Sources */ = {isa = PBXBuildFile; fileRef = D9E66B6C1E82C5530010E9A7 /* SignInOperation.swift */; };
		D9E66B711E82C5530010E9A7 /* SignUpOperation.swift in Sources */ = {isa = PBXBuildFile; fileRef = D9E66B6D1E82C5530010E9A7 /* SignUpOperation.swift */; };
		D9E66B721E82C5530010E9A7 /* SignUpOperation.swift in Sources */ = {isa = PBXBuildFile; fileRef = D9E66B6D1E82C5530010E9A7 /* SignUpOperation.swift */; };
		D9E66B731E82C5530010E9A7 /* UserShoppingOperation.swift in Sources */ = {isa = PBXBuildFile; fileRef = D9E66B6E1E82C5530010E9A7 /* UserShoppingOperation.swift */; };
		D9E66B741E82C5530010E9A7 /* UserShoppingOperation.swift in Sources */ = {isa = PBXBuildFile; fileRef = D9E66B6E1E82C5530010E9A7 /* UserShoppingOperation.swift */; };
		D9E66B781E82C5720010E9A7 /* SignInRequest.swift in Sources */ = {isa = PBXBuildFile; fileRef = D9E66B751E82C5720010E9A7 /* SignInRequest.swift */; };
		D9E66B791E82C5720010E9A7 /* SignInRequest.swift in Sources */ = {isa = PBXBuildFile; fileRef = D9E66B751E82C5720010E9A7 /* SignInRequest.swift */; };
		D9E66B7A1E82C5720010E9A7 /* SignUpRequest.swift in Sources */ = {isa = PBXBuildFile; fileRef = D9E66B761E82C5720010E9A7 /* SignUpRequest.swift */; };
		D9E66B7B1E82C5720010E9A7 /* SignUpRequest.swift in Sources */ = {isa = PBXBuildFile; fileRef = D9E66B761E82C5720010E9A7 /* SignUpRequest.swift */; };
		D9E66B7C1E82C5720010E9A7 /* UserShoppingRequest.swift in Sources */ = {isa = PBXBuildFile; fileRef = D9E66B771E82C5720010E9A7 /* UserShoppingRequest.swift */; };
		D9E66B7D1E82C5720010E9A7 /* UserShoppingRequest.swift in Sources */ = {isa = PBXBuildFile; fileRef = D9E66B771E82C5720010E9A7 /* UserShoppingRequest.swift */; };
/* End PBXBuildFile section */

/* Begin PBXContainerItemProxy section */
		6D02D7621D5730EE00CA76B9 /* PBXContainerItemProxy */ = {
			isa = PBXContainerItemProxy;
			containerPortal = 6D02D73B1D5730D800CA76B9 /* Project object */;
			proxyType = 1;
			remoteGlobalIDString = 6D02D75C1D5730EE00CA76B9;
			remoteInfo = Network;
		};
		D95DEDA91E68312700676626 /* PBXContainerItemProxy */ = {
			isa = PBXContainerItemProxy;
			containerPortal = 6D02D73B1D5730D800CA76B9 /* Project object */;
			proxyType = 1;
			remoteGlobalIDString = 6D02D7421D5730D800CA76B9;
			remoteInfo = NetworkLayerExample;
		};
/* End PBXContainerItemProxy section */

/* Begin PBXCopyFilesBuildPhase section */
		6D02D7691D5730EE00CA76B9 /* Embed Frameworks */ = {
			isa = PBXCopyFilesBuildPhase;
			buildActionMask = 2147483647;
			dstPath = "";
			dstSubfolderSpec = 10;
			files = (
				6D02D7651D5730EE00CA76B9 /* Network.framework in Embed Frameworks */,
			);
			name = "Embed Frameworks";
			runOnlyForDeploymentPostprocessing = 0;
		};
/* End PBXCopyFilesBuildPhase section */

/* Begin PBXFileReference section */
		6D02D7431D5730D800CA76B9 /* NetworkLayerExample.app */ = {isa = PBXFileReference; explicitFileType = wrapper.application; includeInIndex = 0; path = NetworkLayerExample.app; sourceTree = BUILT_PRODUCTS_DIR; };
		6D02D7461D5730D800CA76B9 /* AppDelegate.swift */ = {isa = PBXFileReference; lastKnownFileType = sourcecode.swift; path = AppDelegate.swift; sourceTree = "<group>"; };
		6D02D7481D5730D800CA76B9 /* ViewController.swift */ = {isa = PBXFileReference; lastKnownFileType = sourcecode.swift; path = ViewController.swift; sourceTree = "<group>"; };
		6D02D74B1D5730D800CA76B9 /* Base */ = {isa = PBXFileReference; lastKnownFileType = file.storyboard; name = Base; path = Base.lproj/Main.storyboard; sourceTree = "<group>"; };
		6D02D74D1D5730D800CA76B9 /* Assets.xcassets */ = {isa = PBXFileReference; lastKnownFileType = folder.assetcatalog; path = Assets.xcassets; sourceTree = "<group>"; };
		6D02D7501D5730D800CA76B9 /* Base */ = {isa = PBXFileReference; lastKnownFileType = file.storyboard; name = Base; path = Base.lproj/LaunchScreen.storyboard; sourceTree = "<group>"; };
		6D02D7521D5730D800CA76B9 /* Info.plist */ = {isa = PBXFileReference; lastKnownFileType = text.plist.xml; path = Info.plist; sourceTree = "<group>"; };
		6D02D75D1D5730EE00CA76B9 /* Network.framework */ = {isa = PBXFileReference; explicitFileType = wrapper.framework; includeInIndex = 0; path = Network.framework; sourceTree = BUILT_PRODUCTS_DIR; };
		6D02D75F1D5730EE00CA76B9 /* Network.h */ = {isa = PBXFileReference; lastKnownFileType = sourcecode.c.h; path = Network.h; sourceTree = "<group>"; };
		6D02D7611D5730EE00CA76B9 /* Info.plist */ = {isa = PBXFileReference; lastKnownFileType = text.plist.xml; path = Info.plist; sourceTree = "<group>"; };
		6D02D7981D57346300CA76B9 /* NetworkLayerConfiguration.swift */ = {isa = PBXFileReference; fileEncoding = 4; lastKnownFileType = sourcecode.swift; path = NetworkLayerConfiguration.swift; sourceTree = "<group>"; };
		D95DEDA41E68312600676626 /* NetworkLayerExampleTests.xctest */ = {isa = PBXFileReference; explicitFileType = wrapper.cfbundle; includeInIndex = 0; path = NetworkLayerExampleTests.xctest; sourceTree = BUILT_PRODUCTS_DIR; };
		D95DEDA61E68312700676626 /* NetworkLayerExampleTests.swift */ = {isa = PBXFileReference; lastKnownFileType = sourcecode.swift; path = NetworkLayerExampleTests.swift; sourceTree = "<group>"; };
		D95DEDA81E68312700676626 /* Info.plist */ = {isa = PBXFileReference; lastKnownFileType = text.plist.xml; path = Info.plist; sourceTree = "<group>"; };
		D9E66B2A1E82C0930010E9A7 /* BackendAPIRequest.swift */ = {isa = PBXFileReference; fileEncoding = 4; lastKnownFileType = sourcecode.swift; name = BackendAPIRequest.swift; path = Backend/BackendAPIRequest.swift; sourceTree = "<group>"; };
		D9E66B2B1E82C0930010E9A7 /* BackendConfiguration.swift */ = {isa = PBXFileReference; fileEncoding = 4; lastKnownFileType = sourcecode.swift; name = BackendConfiguration.swift; path = Backend/BackendConfiguration.swift; sourceTree = "<group>"; };
		D9E66B2C1E82C0930010E9A7 /* BackendService.swift */ = {isa = PBXFileReference; fileEncoding = 4; lastKnownFileType = sourcecode.swift; name = BackendService.swift; path = Backend/BackendService.swift; sourceTree = "<group>"; };
		D9E66B2D1E82C0930010E9A7 /* MyBackendService.swift */ = {isa = PBXFileReference; fileEncoding = 4; lastKnownFileType = sourcecode.swift; name = MyBackendService.swift; path = Backend/MyBackendService.swift; sourceTree = "<group>"; };
		D9E66B2E1E82C0930010E9A7 /* ServiceOperation.swift */ = {isa = PBXFileReference; fileEncoding = 4; lastKnownFileType = sourcecode.swift; name = ServiceOperation.swift; path = Backend/ServiceOperation.swift; sourceTree = "<group>"; };
		D9E66B391E82C0D30010E9A7 /* ArrayResponseMapper.swift */ = {isa = PBXFileReference; fileEncoding = 4; lastKnownFileType = sourcecode.swift; name = ArrayResponseMapper.swift; path = "Core Mapping/ArrayResponseMapper.swift"; sourceTree = "<group>"; };
		D9E66B3A1E82C0D30010E9A7 /* ResponseMapper.swift */ = {isa = PBXFileReference; fileEncoding = 4; lastKnownFileType = sourcecode.swift; name = ResponseMapper.swift; path = "Core Mapping/ResponseMapper.swift"; sourceTree = "<group>"; };
		D9E66B3B1E82C0D30010E9A7 /* ResponseMapperProtocol.swift */ = {isa = PBXFileReference; fileEncoding = 4; lastKnownFileType = sourcecode.swift; name = ResponseMapperProtocol.swift; path = "Core Mapping/ResponseMapperProtocol.swift"; sourceTree = "<group>"; };
		D9E66B421E82C0FB0010E9A7 /* NetworkOperation.swift */ = {isa = PBXFileReference; fileEncoding = 4; lastKnownFileType = sourcecode.swift; name = NetworkOperation.swift; path = "Core Network/NetworkOperation.swift"; sourceTree = "<group>"; };
		D9E66B431E82C0FB0010E9A7 /* NetworkQueryGeneretor.swift */ = {isa = PBXFileReference; fileEncoding = 4; lastKnownFileType = sourcecode.swift; name = NetworkQueryGeneretor.swift; path = "Core Network/NetworkQueryGeneretor.swift"; sourceTree = "<group>"; };
		D9E66B441E82C0FB0010E9A7 /* NetworkQueue.swift */ = {isa = PBXFileReference; fileEncoding = 4; lastKnownFileType = sourcecode.swift; name = NetworkQueue.swift; path = "Core Network/NetworkQueue.swift"; sourceTree = "<group>"; };
		D9E66B451E82C0FB0010E9A7 /* NetworkService.swift */ = {isa = PBXFileReference; fileEncoding = 4; lastKnownFileType = sourcecode.swift; name = NetworkService.swift; path = "Core Network/NetworkService.swift"; sourceTree = "<group>"; };
		D9E66B4E1E82C1560010E9A7 /* Data+AppendString.swift */ = {isa = PBXFileReference; fileEncoding = 4; lastKnownFileType = sourcecode.swift; name = "Data+AppendString.swift"; path = "Helpers/Data+AppendString.swift"; sourceTree = "<group>"; };
		D9E66B4F1E82C1560010E9A7 /* NSError+Failure.swift */ = {isa = PBXFileReference; fileEncoding = 4; lastKnownFileType = sourcecode.swift; name = "NSError+Failure.swift"; path = "Helpers/NSError+Failure.swift"; sourceTree = "<group>"; };
		D9E66B501E82C1560010E9A7 /* String+Encode.swift */ = {isa = PBXFileReference; fileEncoding = 4; lastKnownFileType = sourcecode.swift; name = "String+Encode.swift"; path = "Helpers/String+Encode.swift"; sourceTree = "<group>"; };
		D9E66B571E82C18C0010E9A7 /* ParsedItem.swift */ = {isa = PBXFileReference; fileEncoding = 4; lastKnownFileType = sourcecode.swift; name = ParsedItem.swift; path = Items/ParsedItem.swift; sourceTree = "<group>"; };
		D9E66B581E82C18C0010E9A7 /* ShoppItem.swift */ = {isa = PBXFileReference; fileEncoding = 4; lastKnownFileType = sourcecode.swift; name = ShoppItem.swift; path = Items/ShoppItem.swift; sourceTree = "<group>"; };
		D9E66B591E82C18C0010E9A7 /* SignInItem.swift */ = {isa = PBXFileReference; fileEncoding = 4; lastKnownFileType = sourcecode.swift; name = SignInItem.swift; path = Items/SignInItem.swift; sourceTree = "<group>"; };
		D9E66B5A1E82C18C0010E9A7 /* UserItem.swift */ = {isa = PBXFileReference; fileEncoding = 4; lastKnownFileType = sourcecode.swift; name = UserItem.swift; path = Items/UserItem.swift; sourceTree = "<group>"; };
		D9E66B631E82C2A30010E9A7 /* SignInResponseMapper.swift */ = {isa = PBXFileReference; fileEncoding = 4; lastKnownFileType = sourcecode.swift; name = SignInResponseMapper.swift; path = Mappers/SignInResponseMapper.swift; sourceTree = "<group>"; };
		D9E66B641E82C2A30010E9A7 /* UserResponseMapper.swift */ = {isa = PBXFileReference; fileEncoding = 4; lastKnownFileType = sourcecode.swift; name = UserResponseMapper.swift; path = Mappers/UserResponseMapper.swift; sourceTree = "<group>"; };
		D9E66B651E82C2A30010E9A7 /* UserShoppingResponseMapper.swift */ = {isa = PBXFileReference; fileEncoding = 4; lastKnownFileType = sourcecode.swift; name = UserShoppingResponseMapper.swift; path = Mappers/UserShoppingResponseMapper.swift; sourceTree = "<group>"; };
		D9E66B6C1E82C5530010E9A7 /* SignInOperation.swift */ = {isa = PBXFileReference; fileEncoding = 4; lastKnownFileType = sourcecode.swift; name = SignInOperation.swift; path = Operations/SignInOperation.swift; sourceTree = "<group>"; };
		D9E66B6D1E82C5530010E9A7 /* SignUpOperation.swift */ = {isa = PBXFileReference; fileEncoding = 4; lastKnownFileType = sourcecode.swift; name = SignUpOperation.swift; path = Operations/SignUpOperation.swift; sourceTree = "<group>"; };
		D9E66B6E1E82C5530010E9A7 /* UserShoppingOperation.swift */ = {isa = PBXFileReference; fileEncoding = 4; lastKnownFileType = sourcecode.swift; name = UserShoppingOperation.swift; path = Operations/UserShoppingOperation.swift; sourceTree = "<group>"; };
		D9E66B751E82C5720010E9A7 /* SignInRequest.swift */ = {isa = PBXFileReference; fileEncoding = 4; lastKnownFileType = sourcecode.swift; name = SignInRequest.swift; path = Request/SignInRequest.swift; sourceTree = "<group>"; };
		D9E66B761E82C5720010E9A7 /* SignUpRequest.swift */ = {isa = PBXFileReference; fileEncoding = 4; lastKnownFileType = sourcecode.swift; name = SignUpRequest.swift; path = Request/SignUpRequest.swift; sourceTree = "<group>"; };
		D9E66B771E82C5720010E9A7 /* UserShoppingRequest.swift */ = {isa = PBXFileReference; fileEncoding = 4; lastKnownFileType = sourcecode.swift; name = UserShoppingRequest.swift; path = Request/UserShoppingRequest.swift; sourceTree = "<group>"; };
/* End PBXFileReference section */

/* Begin PBXFrameworksBuildPhase section */
		6D02D7401D5730D800CA76B9 /* Frameworks */ = {
			isa = PBXFrameworksBuildPhase;
			buildActionMask = 2147483647;
			files = (
				6D02D7641D5730EE00CA76B9 /* Network.framework in Frameworks */,
			);
			runOnlyForDeploymentPostprocessing = 0;
		};
		6D02D7591D5730EE00CA76B9 /* Frameworks */ = {
			isa = PBXFrameworksBuildPhase;
			buildActionMask = 2147483647;
			files = (
			);
			runOnlyForDeploymentPostprocessing = 0;
		};
		D95DEDA11E68312600676626 /* Frameworks */ = {
			isa = PBXFrameworksBuildPhase;
			buildActionMask = 2147483647;
			files = (
			);
			runOnlyForDeploymentPostprocessing = 0;
		};
/* End PBXFrameworksBuildPhase section */

/* Begin PBXGroup section */
		6D02D73A1D5730D800CA76B9 = {
			isa = PBXGroup;
			children = (
				6D02D7451D5730D800CA76B9 /* App */,
				6D02D75E1D5730EE00CA76B9 /* Network */,
				D95DEDA51E68312700676626 /* NetworkLayerExampleTests */,
				6D02D7441D5730D800CA76B9 /* Products */,
			);
			sourceTree = "<group>";
		};
		6D02D7441D5730D800CA76B9 /* Products */ = {
			isa = PBXGroup;
			children = (
				6D02D7431D5730D800CA76B9 /* NetworkLayerExample.app */,
				6D02D75D1D5730EE00CA76B9 /* Network.framework */,
				D95DEDA41E68312600676626 /* NetworkLayerExampleTests.xctest */,
			);
			name = Products;
			sourceTree = "<group>";
		};
		6D02D7451D5730D800CA76B9 /* App */ = {
			isa = PBXGroup;
			children = (
				6D02D7461D5730D800CA76B9 /* AppDelegate.swift */,
				6D02D7981D57346300CA76B9 /* NetworkLayerConfiguration.swift */,
				6D02D7481D5730D800CA76B9 /* ViewController.swift */,
				6D02D74A1D5730D800CA76B9 /* Main.storyboard */,
				6D02D74D1D5730D800CA76B9 /* Assets.xcassets */,
				6D02D74F1D5730D800CA76B9 /* LaunchScreen.storyboard */,
				6D02D7521D5730D800CA76B9 /* Info.plist */,
			);
			name = App;
			path = NetworkLayerExample;
			sourceTree = "<group>";
		};
		6D02D75E1D5730EE00CA76B9 /* Network */ = {
			isa = PBXGroup;
			children = (
				6D02D76A1D57311300CA76B9 /* Backend */,
				6D02D76B1D57311800CA76B9 /* Core Mapping */,
				6D02D76C1D57312700CA76B9 /* Core Network */,
				6D02D7951D57328A00CA76B9 /* Helpers */,
				6D02D76D1D57313A00CA76B9 /* Items */,
				6D02D76E1D57314C00CA76B9 /* Mappers */,
				6D02D76F1D57315500CA76B9 /* Operations */,
				6D02D7701D57315F00CA76B9 /* Request */,
				6D02D75F1D5730EE00CA76B9 /* Network.h */,
				6D02D7611D5730EE00CA76B9 /* Info.plist */,
			);
			path = Network;
			sourceTree = "<group>";
		};
		6D02D76A1D57311300CA76B9 /* Backend */ = {
			isa = PBXGroup;
			children = (
				D9E66B2A1E82C0930010E9A7 /* BackendAPIRequest.swift */,
				D9E66B2B1E82C0930010E9A7 /* BackendConfiguration.swift */,
				D9E66B2C1E82C0930010E9A7 /* BackendService.swift */,
				D9E66B2D1E82C0930010E9A7 /* MyBackendService.swift */,
				D9E66B2E1E82C0930010E9A7 /* ServiceOperation.swift */,
			);
			name = Backend;
			sourceTree = "<group>";
		};
		6D02D76B1D57311800CA76B9 /* Core Mapping */ = {
			isa = PBXGroup;
			children = (
				D9E66B391E82C0D30010E9A7 /* ArrayResponseMapper.swift */,
				D9E66B3A1E82C0D30010E9A7 /* ResponseMapper.swift */,
				D9E66B3B1E82C0D30010E9A7 /* ResponseMapperProtocol.swift */,
			);
			name = "Core Mapping";
			sourceTree = "<group>";
		};
		6D02D76C1D57312700CA76B9 /* Core Network */ = {
			isa = PBXGroup;
			children = (
				D9E66B421E82C0FB0010E9A7 /* NetworkOperation.swift */,
				D9E66B431E82C0FB0010E9A7 /* NetworkQueryGeneretor.swift */,
				D9E66B441E82C0FB0010E9A7 /* NetworkQueue.swift */,
				D9E66B451E82C0FB0010E9A7 /* NetworkService.swift */,
			);
			name = "Core Network";
			sourceTree = "<group>";
		};
		6D02D76D1D57313A00CA76B9 /* Items */ = {
			isa = PBXGroup;
			children = (
				D9E66B571E82C18C0010E9A7 /* ParsedItem.swift */,
				D9E66B581E82C18C0010E9A7 /* ShoppItem.swift */,
				D9E66B591E82C18C0010E9A7 /* SignInItem.swift */,
				D9E66B5A1E82C18C0010E9A7 /* UserItem.swift */,
			);
			name = Items;
			sourceTree = "<group>";
		};
		6D02D76E1D57314C00CA76B9 /* Mappers */ = {
			isa = PBXGroup;
			children = (
				D9E66B631E82C2A30010E9A7 /* SignInResponseMapper.swift */,
				D9E66B641E82C2A30010E9A7 /* UserResponseMapper.swift */,
				D9E66B651E82C2A30010E9A7 /* UserShoppingResponseMapper.swift */,
			);
			name = Mappers;
			sourceTree = "<group>";
		};
		6D02D76F1D57315500CA76B9 /* Operations */ = {
			isa = PBXGroup;
			children = (
				D9E66B6C1E82C5530010E9A7 /* SignInOperation.swift */,
				D9E66B6D1E82C5530010E9A7 /* SignUpOperation.swift */,
				D9E66B6E1E82C5530010E9A7 /* UserShoppingOperation.swift */,
			);
			name = Operations;
			sourceTree = "<group>";
		};
		6D02D7701D57315F00CA76B9 /* Request */ = {
			isa = PBXGroup;
			children = (
				D9E66B751E82C5720010E9A7 /* SignInRequest.swift */,
				D9E66B761E82C5720010E9A7 /* SignUpRequest.swift */,
				D9E66B771E82C5720010E9A7 /* UserShoppingRequest.swift */,
			);
			name = Request;
			sourceTree = "<group>";
		};
		6D02D7951D57328A00CA76B9 /* Helpers */ = {
			isa = PBXGroup;
			children = (
				D9E66B4E1E82C1560010E9A7 /* Data+AppendString.swift */,
				D9E66B4F1E82C1560010E9A7 /* NSError+Failure.swift */,
				D9E66B501E82C1560010E9A7 /* String+Encode.swift */,
			);
			name = Helpers;
			sourceTree = "<group>";
		};
		D95DEDA51E68312700676626 /* NetworkLayerExampleTests */ = {
			isa = PBXGroup;
			children = (
				D95DEDA61E68312700676626 /* NetworkLayerExampleTests.swift */,
				D95DEDA81E68312700676626 /* Info.plist */,
			);
			path = NetworkLayerExampleTests;
			sourceTree = "<group>";
		};
/* End PBXGroup section */

/* Begin PBXHeadersBuildPhase section */
		6D02D75A1D5730EE00CA76B9 /* Headers */ = {
			isa = PBXHeadersBuildPhase;
			buildActionMask = 2147483647;
			files = (
				6D02D7601D5730EE00CA76B9 /* Network.h in Headers */,
			);
			runOnlyForDeploymentPostprocessing = 0;
		};
/* End PBXHeadersBuildPhase section */

/* Begin PBXNativeTarget section */
		6D02D7421D5730D800CA76B9 /* NetworkLayerExample */ = {
			isa = PBXNativeTarget;
			buildConfigurationList = 6D02D7551D5730D800CA76B9 /* Build configuration list for PBXNativeTarget "NetworkLayerExample" */;
			buildPhases = (
				6D02D73F1D5730D800CA76B9 /* Sources */,
				6D02D7401D5730D800CA76B9 /* Frameworks */,
				6D02D7411D5730D800CA76B9 /* Resources */,
				6D02D7691D5730EE00CA76B9 /* Embed Frameworks */,
			);
			buildRules = (
			);
			dependencies = (
				6D02D7631D5730EE00CA76B9 /* PBXTargetDependency */,
			);
			name = NetworkLayerExample;
			productName = NetworkLayerExample;
			productReference = 6D02D7431D5730D800CA76B9 /* NetworkLayerExample.app */;
			productType = "com.apple.product-type.application";
		};
		6D02D75C1D5730EE00CA76B9 /* Network */ = {
			isa = PBXNativeTarget;
			buildConfigurationList = 6D02D7661D5730EE00CA76B9 /* Build configuration list for PBXNativeTarget "Network" */;
			buildPhases = (
				6D02D7581D5730EE00CA76B9 /* Sources */,
				6D02D7591D5730EE00CA76B9 /* Frameworks */,
				6D02D75A1D5730EE00CA76B9 /* Headers */,
				6D02D75B1D5730EE00CA76B9 /* Resources */,
			);
			buildRules = (
			);
			dependencies = (
			);
			name = Network;
			productName = Network;
			productReference = 6D02D75D1D5730EE00CA76B9 /* Network.framework */;
			productType = "com.apple.product-type.framework";
		};
		D95DEDA31E68312600676626 /* NetworkLayerExampleTests */ = {
			isa = PBXNativeTarget;
			buildConfigurationList = D95DEDAD1E68312700676626 /* Build configuration list for PBXNativeTarget "NetworkLayerExampleTests" */;
			buildPhases = (
				D95DEDA01E68312600676626 /* Sources */,
				D95DEDA11E68312600676626 /* Frameworks */,
				D95DEDA21E68312600676626 /* Resources */,
			);
			buildRules = (
			);
			dependencies = (
				D95DEDAA1E68312700676626 /* PBXTargetDependency */,
			);
			name = NetworkLayerExampleTests;
			productName = NetworkLayerExampleTests;
			productReference = D95DEDA41E68312600676626 /* NetworkLayerExampleTests.xctest */;
			productType = "com.apple.product-type.bundle.unit-test";
		};
/* End PBXNativeTarget section */

/* Begin PBXProject section */
		6D02D73B1D5730D800CA76B9 /* Project object */ = {
			isa = PBXProject;
			attributes = {
				LastSwiftUpdateCheck = 0820;
				LastUpgradeCheck = 1010;
				ORGANIZATIONNAME = "Tomasz Szulc";
				TargetAttributes = {
					6D02D7421D5730D800CA76B9 = {
						CreatedOnToolsVersion = 7.3.1;
						LastSwiftMigration = 0800;
					};
					6D02D75C1D5730EE00CA76B9 = {
						CreatedOnToolsVersion = 7.3.1;
						LastSwiftMigration = 1010;
					};
					D95DEDA31E68312600676626 = {
						CreatedOnToolsVersion = 8.2.1;
						DevelopmentTeam = GK5S624D99;
						ProvisioningStyle = Automatic;
						TestTargetID = 6D02D7421D5730D800CA76B9;
					};
				};
			};
			buildConfigurationList = 6D02D73E1D5730D800CA76B9 /* Build configuration list for PBXProject "NetworkLayerExample" */;
			compatibilityVersion = "Xcode 3.2";
			developmentRegion = English;
			hasScannedForEncodings = 0;
			knownRegions = (
				en,
				Base,
			);
			mainGroup = 6D02D73A1D5730D800CA76B9;
			productRefGroup = 6D02D7441D5730D800CA76B9 /* Products */;
			projectDirPath = "";
			projectRoot = "";
			targets = (
				6D02D7421D5730D800CA76B9 /* NetworkLayerExample */,
				6D02D75C1D5730EE00CA76B9 /* Network */,
				D95DEDA31E68312600676626 /* NetworkLayerExampleTests */,
			);
		};
/* End PBXProject section */

/* Begin PBXResourcesBuildPhase section */
		6D02D7411D5730D800CA76B9 /* Resources */ = {
			isa = PBXResourcesBuildPhase;
			buildActionMask = 2147483647;
			files = (
				6D02D7511D5730D800CA76B9 /* LaunchScreen.storyboard in Resources */,
				6D02D74E1D5730D800CA76B9 /* Assets.xcassets in Resources */,
				6D02D74C1D5730D800CA76B9 /* Main.storyboard in Resources */,
			);
			runOnlyForDeploymentPostprocessing = 0;
		};
		6D02D75B1D5730EE00CA76B9 /* Resources */ = {
			isa = PBXResourcesBuildPhase;
			buildActionMask = 2147483647;
			files = (
			);
			runOnlyForDeploymentPostprocessing = 0;
		};
		D95DEDA21E68312600676626 /* Resources */ = {
			isa = PBXResourcesBuildPhase;
			buildActionMask = 2147483647;
			files = (
			);
			runOnlyForDeploymentPostprocessing = 0;
		};
/* End PBXResourcesBuildPhase section */

/* Begin PBXSourcesBuildPhase section */
		6D02D73F1D5730D800CA76B9 /* Sources */ = {
			isa = PBXSourcesBuildPhase;
			buildActionMask = 2147483647;
			files = (
				6D02D7491D5730D800CA76B9 /* ViewController.swift in Sources */,
				6D02D7471D5730D800CA76B9 /* AppDelegate.swift in Sources */,
				6D02D79A1D57346700CA76B9 /* NetworkLayerConfiguration.swift in Sources */,
			);
			runOnlyForDeploymentPostprocessing = 0;
		};
		6D02D7581D5730EE00CA76B9 /* Sources */ = {
			isa = PBXSourcesBuildPhase;
			buildActionMask = 2147483647;
			files = (
				D9E66B7C1E82C5720010E9A7 /* UserShoppingRequest.swift in Sources */,
				D9E66B731E82C5530010E9A7 /* UserShoppingOperation.swift in Sources */,
				D9E66B6A1E82C2A30010E9A7 /* UserShoppingResponseMapper.swift in Sources */,
				D9E66B3C1E82C0D30010E9A7 /* ArrayResponseMapper.swift in Sources */,
				D9E66B4C1E82C0FB0010E9A7 /* NetworkService.swift in Sources */,
				D9E66B551E82C1560010E9A7 /* String+Encode.swift in Sources */,
				D9E66B711E82C5530010E9A7 /* SignUpOperation.swift in Sources */,
				D9E66B351E82C0930010E9A7 /* MyBackendService.swift in Sources */,
				D9E66B611E82C18C0010E9A7 /* UserItem.swift in Sources */,
				D9E66B5F1E82C18C0010E9A7 /* SignInItem.swift in Sources */,
				D9E66B2F1E82C0930010E9A7 /* BackendAPIRequest.swift in Sources */,
				D9E66B461E82C0FB0010E9A7 /* NetworkOperation.swift in Sources */,
				D9E66B5B1E82C18C0010E9A7 /* ParsedItem.swift in Sources */,
				D9E66B531E82C1560010E9A7 /* NSError+Failure.swift in Sources */,
				D9E66B6F1E82C5530010E9A7 /* SignInOperation.swift in Sources */,
				D9E66B681E82C2A30010E9A7 /* UserResponseMapper.swift in Sources */,
				D9E66B7A1E82C5720010E9A7 /* SignUpRequest.swift in Sources */,
				D9E66B3E1E82C0D30010E9A7 /* ResponseMapper.swift in Sources */,
				D9E66B371E82C0930010E9A7 /* ServiceOperation.swift in Sources */,
				D9E66B661E82C2A30010E9A7 /* SignInResponseMapper.swift in Sources */,
				D9E66B401E82C0D30010E9A7 /* ResponseMapperProtocol.swift in Sources */,
				D9E66B5D1E82C18C0010E9A7 /* ShoppItem.swift in Sources */,
				D9E66B511E82C1560010E9A7 /* Data+AppendString.swift in Sources */,
				D9E66B4A1E82C0FB0010E9A7 /* NetworkQueue.swift in Sources */,
				D9E66B481E82C0FB0010E9A7 /* NetworkQueryGeneretor.swift in Sources */,
				D9E66B781E82C5720010E9A7 /* SignInRequest.swift in Sources */,
				D9E66B331E82C0930010E9A7 /* BackendService.swift in Sources */,
				D9E66B311E82C0930010E9A7 /* BackendConfiguration.swift in Sources */,
			);
			runOnlyForDeploymentPostprocessing = 0;
		};
		D95DEDA01E68312600676626 /* Sources */ = {
			isa = PBXSourcesBuildPhase;
			buildActionMask = 2147483647;
			files = (
				D9E66B361E82C0930010E9A7 /* MyBackendService.swift in Sources */,
				D9E66B321E82C0930010E9A7 /* BackendConfiguration.swift in Sources */,
				D9E66B521E82C1560010E9A7 /* Data+AppendString.swift in Sources */,
				D9E66B791E82C5720010E9A7 /* SignInRequest.swift in Sources */,
				D9E66B741E82C5530010E9A7 /* UserShoppingOperation.swift in Sources */,
				D9E66B3D1E82C0D30010E9A7 /* ArrayResponseMapper.swift in Sources */,
				D9E66B301E82C0930010E9A7 /* BackendAPIRequest.swift in Sources */,
				D9E66B621E82C18C0010E9A7 /* UserItem.swift in Sources */,
				D9E66B691E82C2A30010E9A7 /* UserResponseMapper.swift in Sources */,
				D9E66B671E82C2A30010E9A7 /* SignInResponseMapper.swift in Sources */,
				D9E66B701E82C5530010E9A7 /* SignInOperation.swift in Sources */,
				D95DEDA71E68312700676626 /* NetworkLayerExampleTests.swift in Sources */,
				D9E66B561E82C1560010E9A7 /* String+Encode.swift in Sources */,
				D9E66B7B1E82C5720010E9A7 /* SignUpRequest.swift in Sources */,
				D9E66B6B1E82C2A30010E9A7 /* UserShoppingResponseMapper.swift in Sources */,
				D9E66B4D1E82C0FB0010E9A7 /* NetworkService.swift in Sources */,
				D9E66B7D1E82C5720010E9A7 /* UserShoppingRequest.swift in Sources */,
				D9E66B381E82C0930010E9A7 /* ServiceOperation.swift in Sources */,
				D9E66B541E82C1560010E9A7 /* NSError+Failure.swift in Sources */,
				D9E66B411E82C0D30010E9A7 /* ResponseMapperProtocol.swift in Sources */,
				D9E66B471E82C0FB0010E9A7 /* NetworkOperation.swift in Sources */,
				D9E66B491E82C0FB0010E9A7 /* NetworkQueryGeneretor.swift in Sources */,
				D9E66B5C1E82C18C0010E9A7 /* ParsedItem.swift in Sources */,
				D9E66B3F1E82C0D30010E9A7 /* ResponseMapper.swift in Sources */,
				D9E66B721E82C5530010E9A7 /* SignUpOperation.swift in Sources */,
				D9E66B4B1E82C0FB0010E9A7 /* NetworkQueue.swift in Sources */,
				D9E66B341E82C0930010E9A7 /* BackendService.swift in Sources */,
				D95DEDC11E696F0B00676626 /* NetworkLayerConfiguration.swift in Sources */,
				D9E66B601E82C18C0010E9A7 /* SignInItem.swift in Sources */,
				D9E66B5E1E82C18C0010E9A7 /* ShoppItem.swift in Sources */,
			);
			runOnlyForDeploymentPostprocessing = 0;
		};
/* End PBXSourcesBuildPhase section */

/* Begin PBXTargetDependency section */
		6D02D7631D5730EE00CA76B9 /* PBXTargetDependency */ = {
			isa = PBXTargetDependency;
			target = 6D02D75C1D5730EE00CA76B9 /* Network */;
			targetProxy = 6D02D7621D5730EE00CA76B9 /* PBXContainerItemProxy */;
		};
		D95DEDAA1E68312700676626 /* PBXTargetDependency */ = {
			isa = PBXTargetDependency;
			target = 6D02D7421D5730D800CA76B9 /* NetworkLayerExample */;
			targetProxy = D95DEDA91E68312700676626 /* PBXContainerItemProxy */;
		};
/* End PBXTargetDependency section */

/* Begin PBXVariantGroup section */
		6D02D74A1D5730D800CA76B9 /* Main.storyboard */ = {
			isa = PBXVariantGroup;
			children = (
				6D02D74B1D5730D800CA76B9 /* Base */,
			);
			name = Main.storyboard;
			sourceTree = "<group>";
		};
		6D02D74F1D5730D800CA76B9 /* LaunchScreen.storyboard */ = {
			isa = PBXVariantGroup;
			children = (
				6D02D7501D5730D800CA76B9 /* Base */,
			);
			name = LaunchScreen.storyboard;
			sourceTree = "<group>";
		};
/* End PBXVariantGroup section */

/* Begin XCBuildConfiguration section */
		6D02D7531D5730D800CA76B9 /* Debug */ = {
			isa = XCBuildConfiguration;
			buildSettings = {
				ALWAYS_SEARCH_USER_PATHS = NO;
				CLANG_ANALYZER_NONNULL = YES;
				CLANG_CXX_LANGUAGE_STANDARD = "gnu++0x";
				CLANG_CXX_LIBRARY = "libc++";
				CLANG_ENABLE_MODULES = YES;
				CLANG_ENABLE_OBJC_ARC = YES;
				CLANG_WARN_BLOCK_CAPTURE_AUTORELEASING = YES;
				CLANG_WARN_BOOL_CONVERSION = YES;
				CLANG_WARN_COMMA = YES;
				CLANG_WARN_CONSTANT_CONVERSION = YES;
				CLANG_WARN_DEPRECATED_OBJC_IMPLEMENTATIONS = YES;
				CLANG_WARN_DIRECT_OBJC_ISA_USAGE = YES_ERROR;
				CLANG_WARN_EMPTY_BODY = YES;
				CLANG_WARN_ENUM_CONVERSION = YES;
				CLANG_WARN_INFINITE_RECURSION = YES;
				CLANG_WARN_INT_CONVERSION = YES;
				CLANG_WARN_NON_LITERAL_NULL_CONVERSION = YES;
				CLANG_WARN_OBJC_IMPLICIT_RETAIN_SELF = YES;
				CLANG_WARN_OBJC_LITERAL_CONVERSION = YES;
				CLANG_WARN_OBJC_ROOT_CLASS = YES_ERROR;
				CLANG_WARN_RANGE_LOOP_ANALYSIS = YES;
				CLANG_WARN_STRICT_PROTOTYPES = YES;
				CLANG_WARN_SUSPICIOUS_MOVE = YES;
				CLANG_WARN_UNREACHABLE_CODE = YES;
				CLANG_WARN__DUPLICATE_METHOD_MATCH = YES;
				"CODE_SIGN_IDENTITY[sdk=iphoneos*]" = "iPhone Developer";
				COPY_PHASE_STRIP = NO;
				DEBUG_INFORMATION_FORMAT = dwarf;
				ENABLE_STRICT_OBJC_MSGSEND = YES;
				ENABLE_TESTABILITY = YES;
				GCC_C_LANGUAGE_STANDARD = gnu99;
				GCC_DYNAMIC_NO_PIC = NO;
				GCC_NO_COMMON_BLOCKS = YES;
				GCC_OPTIMIZATION_LEVEL = 0;
				GCC_PREPROCESSOR_DEFINITIONS = (
					"DEBUG=1",
					"$(inherited)",
				);
				GCC_WARN_64_TO_32_BIT_CONVERSION = YES;
				GCC_WARN_ABOUT_RETURN_TYPE = YES_ERROR;
				GCC_WARN_UNDECLARED_SELECTOR = YES;
				GCC_WARN_UNINITIALIZED_AUTOS = YES_AGGRESSIVE;
				GCC_WARN_UNUSED_FUNCTION = YES;
				GCC_WARN_UNUSED_VARIABLE = YES;
				IPHONEOS_DEPLOYMENT_TARGET = 9.3;
				MTL_ENABLE_DEBUG_INFO = YES;
				ONLY_ACTIVE_ARCH = YES;
				SDKROOT = iphoneos;
				SWIFT_OPTIMIZATION_LEVEL = "-Onone";
			};
			name = Debug;
		};
		6D02D7541D5730D800CA76B9 /* Release */ = {
			isa = XCBuildConfiguration;
			buildSettings = {
				ALWAYS_SEARCH_USER_PATHS = NO;
				CLANG_ANALYZER_NONNULL = YES;
				CLANG_CXX_LANGUAGE_STANDARD = "gnu++0x";
				CLANG_CXX_LIBRARY = "libc++";
				CLANG_ENABLE_MODULES = YES;
				CLANG_ENABLE_OBJC_ARC = YES;
				CLANG_WARN_BLOCK_CAPTURE_AUTORELEASING = YES;
				CLANG_WARN_BOOL_CONVERSION = YES;
				CLANG_WARN_COMMA = YES;
				CLANG_WARN_CONSTANT_CONVERSION = YES;
				CLANG_WARN_DEPRECATED_OBJC_IMPLEMENTATIONS = YES;
				CLANG_WARN_DIRECT_OBJC_ISA_USAGE = YES_ERROR;
				CLANG_WARN_EMPTY_BODY = YES;
				CLANG_WARN_ENUM_CONVERSION = YES;
				CLANG_WARN_INFINITE_RECURSION = YES;
				CLANG_WARN_INT_CONVERSION = YES;
				CLANG_WARN_NON_LITERAL_NULL_CONVERSION = YES;
				CLANG_WARN_OBJC_IMPLICIT_RETAIN_SELF = YES;
				CLANG_WARN_OBJC_LITERAL_CONVERSION = YES;
				CLANG_WARN_OBJC_ROOT_CLASS = YES_ERROR;
				CLANG_WARN_RANGE_LOOP_ANALYSIS = YES;
				CLANG_WARN_STRICT_PROTOTYPES = YES;
				CLANG_WARN_SUSPICIOUS_MOVE = YES;
				CLANG_WARN_UNREACHABLE_CODE = YES;
				CLANG_WARN__DUPLICATE_METHOD_MATCH = YES;
				"CODE_SIGN_IDENTITY[sdk=iphoneos*]" = "iPhone Developer";
				COPY_PHASE_STRIP = NO;
				DEBUG_INFORMATION_FORMAT = "dwarf-with-dsym";
				ENABLE_NS_ASSERTIONS = NO;
				ENABLE_STRICT_OBJC_MSGSEND = YES;
				GCC_C_LANGUAGE_STANDARD = gnu99;
				GCC_NO_COMMON_BLOCKS = YES;
				GCC_WARN_64_TO_32_BIT_CONVERSION = YES;
				GCC_WARN_ABOUT_RETURN_TYPE = YES_ERROR;
				GCC_WARN_UNDECLARED_SELECTOR = YES;
				GCC_WARN_UNINITIALIZED_AUTOS = YES_AGGRESSIVE;
				GCC_WARN_UNUSED_FUNCTION = YES;
				GCC_WARN_UNUSED_VARIABLE = YES;
				IPHONEOS_DEPLOYMENT_TARGET = 9.3;
				MTL_ENABLE_DEBUG_INFO = NO;
				SDKROOT = iphoneos;
				VALIDATE_PRODUCT = YES;
			};
			name = Release;
		};
		6D02D7561D5730D800CA76B9 /* Debug */ = {
			isa = XCBuildConfiguration;
			buildSettings = {
				ALWAYS_EMBED_SWIFT_STANDARD_LIBRARIES = YES;
				ASSETCATALOG_COMPILER_APPICON_NAME = AppIcon;
				INFOPLIST_FILE = NetworkLayerExample/Info.plist;
				LD_RUNPATH_SEARCH_PATHS = "$(inherited) @executable_path/Frameworks";
				PRODUCT_BUNDLE_IDENTIFIER = com.tomaszszulc.NetworkLayerExample;
				PRODUCT_NAME = "$(TARGET_NAME)";
				SWIFT_VERSION = 3.0;
			};
			name = Debug;
		};
		6D02D7571D5730D800CA76B9 /* Release */ = {
			isa = XCBuildConfiguration;
			buildSettings = {
				ALWAYS_EMBED_SWIFT_STANDARD_LIBRARIES = YES;
				ASSETCATALOG_COMPILER_APPICON_NAME = AppIcon;
				INFOPLIST_FILE = NetworkLayerExample/Info.plist;
				LD_RUNPATH_SEARCH_PATHS = "$(inherited) @executable_path/Frameworks";
				PRODUCT_BUNDLE_IDENTIFIER = com.tomaszszulc.NetworkLayerExample;
				PRODUCT_NAME = "$(TARGET_NAME)";
				SWIFT_OPTIMIZATION_LEVEL = "-Owholemodule";
				SWIFT_VERSION = 3.0;
			};
			name = Release;
		};
		6D02D7671D5730EE00CA76B9 /* Debug */ = {
			isa = XCBuildConfiguration;
			buildSettings = {
				CLANG_ENABLE_MODULES = YES;
				"CODE_SIGN_IDENTITY[sdk=iphoneos*]" = "";
				CURRENT_PROJECT_VERSION = 1;
				DEFINES_MODULE = YES;
				DYLIB_COMPATIBILITY_VERSION = 1;
				DYLIB_CURRENT_VERSION = 1;
				DYLIB_INSTALL_NAME_BASE = "@rpath";
				INFOPLIST_FILE = Network/Info.plist;
				INSTALL_PATH = "$(LOCAL_LIBRARY_DIR)/Frameworks";
				LD_RUNPATH_SEARCH_PATHS = "$(inherited) @executable_path/Frameworks @loader_path/Frameworks";
				PRODUCT_BUNDLE_IDENTIFIER = com.tomaszszulc.networklayerexample.Network;
				PRODUCT_NAME = "$(TARGET_NAME)";
				SKIP_INSTALL = YES;
				SWIFT_OPTIMIZATION_LEVEL = "-Onone";
				SWIFT_SWIFT3_OBJC_INFERENCE = Default;
				SWIFT_VERSION = 4.2;
				TARGETED_DEVICE_FAMILY = "1,2";
				VERSIONING_SYSTEM = "apple-generic";
				VERSION_INFO_PREFIX = "";
			};
			name = Debug;
		};
		6D02D7681D5730EE00CA76B9 /* Release */ = {
			isa = XCBuildConfiguration;
			buildSettings = {
				CLANG_ENABLE_MODULES = YES;
				"CODE_SIGN_IDENTITY[sdk=iphoneos*]" = "";
				CURRENT_PROJECT_VERSION = 1;
				DEFINES_MODULE = YES;
				DYLIB_COMPATIBILITY_VERSION = 1;
				DYLIB_CURRENT_VERSION = 1;
				DYLIB_INSTALL_NAME_BASE = "@rpath";
				INFOPLIST_FILE = Network/Info.plist;
				INSTALL_PATH = "$(LOCAL_LIBRARY_DIR)/Frameworks";
				LD_RUNPATH_SEARCH_PATHS = "$(inherited) @executable_path/Frameworks @loader_path/Frameworks";
				PRODUCT_BUNDLE_IDENTIFIER = com.tomaszszulc.networklayerexample.Network;
				PRODUCT_NAME = "$(TARGET_NAME)";
				SKIP_INSTALL = YES;
				SWIFT_OPTIMIZATION_LEVEL = "-Owholemodule";
				SWIFT_SWIFT3_OBJC_INFERENCE = Default;
				SWIFT_VERSION = 4.2;
				TARGETED_DEVICE_FAMILY = "1,2";
				VERSIONING_SYSTEM = "apple-generic";
				VERSION_INFO_PREFIX = "";
			};
			name = Release;
		};
		D95DEDAB1E68312700676626 /* Debug */ = {
			isa = XCBuildConfiguration;
			buildSettings = {
				BUNDLE_LOADER = "$(TEST_HOST)";
				CLANG_WARN_DOCUMENTATION_COMMENTS = YES;
				DEVELOPMENT_TEAM = GK5S624D99;
				INFOPLIST_FILE = NetworkLayerExampleTests/Info.plist;
				IPHONEOS_DEPLOYMENT_TARGET = 10.2;
				LD_RUNPATH_SEARCH_PATHS = "$(inherited) @executable_path/Frameworks @loader_path/Frameworks";
				PRODUCT_BUNDLE_IDENTIFIER = com.alessioroberto.NetworkLayerExampleTests;
				PRODUCT_NAME = "$(TARGET_NAME)";
				SWIFT_ACTIVE_COMPILATION_CONDITIONS = DEBUG;
				SWIFT_VERSION = 3.0;
				TEST_HOST = "$(BUILT_PRODUCTS_DIR)/NetworkLayerExample.app/NetworkLayerExample";
			};
			name = Debug;
		};
		D95DEDAC1E68312700676626 /* Release */ = {
			isa = XCBuildConfiguration;
			buildSettings = {
				BUNDLE_LOADER = "$(TEST_HOST)";
				CLANG_WARN_DOCUMENTATION_COMMENTS = YES;
				DEVELOPMENT_TEAM = GK5S624D99;
				INFOPLIST_FILE = NetworkLayerExampleTests/Info.plist;
				IPHONEOS_DEPLOYMENT_TARGET = 10.2;
				LD_RUNPATH_SEARCH_PATHS = "$(inherited) @executable_path/Frameworks @loader_path/Frameworks";
				PRODUCT_BUNDLE_IDENTIFIER = com.alessioroberto.NetworkLayerExampleTests;
				PRODUCT_NAME = "$(TARGET_NAME)";
				SWIFT_OPTIMIZATION_LEVEL = "-Owholemodule";
				SWIFT_VERSION = 3.0;
				TEST_HOST = "$(BUILT_PRODUCTS_DIR)/NetworkLayerExample.app/NetworkLayerExample";
			};
			name = Release;
		};
/* End XCBuildConfiguration section */

/* Begin XCConfigurationList section */
		6D02D73E1D5730D800CA76B9 /* Build configuration list for PBXProject "NetworkLayerExample" */ = {
			isa = XCConfigurationList;
			buildConfigurations = (
				6D02D7531D5730D800CA76B9 /* Debug */,
				6D02D7541D5730D800CA76B9 /* Release */,
			);
			defaultConfigurationIsVisible = 0;
			defaultConfigurationName = Release;
		};
		6D02D7551D5730D800CA76B9 /* Build configuration list for PBXNativeTarget "NetworkLayerExample" */ = {
			isa = XCConfigurationList;
			buildConfigurations = (
				6D02D7561D5730D800CA76B9 /* Debug */,
				6D02D7571D5730D800CA76B9 /* Release */,
			);
			defaultConfigurationIsVisible = 0;
			defaultConfigurationName = Release;
		};
		6D02D7661D5730EE00CA76B9 /* Build configuration list for PBXNativeTarget "Network" */ = {
			isa = XCConfigurationList;
			buildConfigurations = (
				6D02D7671D5730EE00CA76B9 /* Debug */,
				6D02D7681D5730EE00CA76B9 /* Release */,
			);
			defaultConfigurationIsVisible = 0;
			defaultConfigurationName = Release;
		};
		D95DEDAD1E68312700676626 /* Build configuration list for PBXNativeTarget "NetworkLayerExampleTests" */ = {
			isa = XCConfigurationList;
			buildConfigurations = (
				D95DEDAB1E68312700676626 /* Debug */,
				D95DEDAC1E68312700676626 /* Release */,
			);
			defaultConfigurationIsVisible = 0;
			defaultConfigurationName = Release;
		};
/* End XCConfigurationList section */
	};
	rootObject = 6D02D73B1D5730D800CA76B9 /* Project object */;
}
